// !$*UTF8*$!
{
	archiveVersion = 1;
	classes = {
	};
	objectVersion = 77;
	objects = {

/* Begin PBXBuildFile section */
		024D1195C461AC2EB50C15BE /* MobileModels.swift in Sources */ = {isa = PBXBuildFile; fileRef = 51EC8F25323375C0AC57BA34 /* MobileModels.swift */; };
		06A564A5E0DCAA86DFCF25E1 /* Spectral-Italic.ttf in Resources */ = {isa = PBXBuildFile; fileRef = 549831A986A25DE25F605378 /* Spectral-Italic.ttf */; };
		28AD9ACA657B6A56AEC6EDFE /* Spectral-Medium.ttf in Resources */ = {isa = PBXBuildFile; fileRef = 1413CCEDA7BAD5C6208F4701 /* Spectral-Medium.ttf */; };
		2AA547D68193858513EAEB9F /* PhoneRecorder.swift in Sources */ = {isa = PBXBuildFile; fileRef = A824AD5CC350B4EBEE860B16 /* PhoneRecorder.swift */; };
		2C1F581A536D063C7B2B345D /* Spectral-Medium.ttf in Resources */ = {isa = PBXBuildFile; fileRef = 1413CCEDA7BAD5C6208F4701 /* Spectral-Medium.ttf */; };
		2E17B7E22D17181A964B8F8D /* WatchSharedBridge.swift in Sources */ = {isa = PBXBuildFile; fileRef = 08C7091C65A0C75A9C21C93A /* WatchSharedBridge.swift */; };
		2F34FE7F43080ABAA5BD1E11 /* InterVariable.ttf in Resources */ = {isa = PBXBuildFile; fileRef = 3BB9402DFC33D2466BA206DE /* InterVariable.ttf */; };
		3DDD92F522DE1F60E2A6F0F8 /* WatchRecorder.swift in Sources */ = {isa = PBXBuildFile; fileRef = 43B1601F3C51CC99623A3732 /* WatchRecorder.swift */; };
		46EE25A4FBEAEE6777CCE025 /* KnapsackBrand.swift in Sources */ = {isa = PBXBuildFile; fileRef = 5D2AA425947D46186029509F /* KnapsackBrand.swift */; };
		53F673517263F332DEEB090D /* Spectral-Italic.ttf in Resources */ = {isa = PBXBuildFile; fileRef = 549831A986A25DE25F605378 /* Spectral-Italic.ttf */; };
		5515DB66178FC8C8135FFC50 /* KnapsackBrand.swift in Sources */ = {isa = PBXBuildFile; fileRef = 5D2AA425947D46186029509F /* KnapsackBrand.swift */; };
		5D30651F31AB031403A5CB4A /* MobileAPI.swift in Sources */ = {isa = PBXBuildFile; fileRef = DEC87DC848E8C1FA3CA6EF25 /* MobileAPI.swift */; };
		5ED94C8BF00761180C8D39AF /* MeetingListViewModel.swift in Sources */ = {isa = PBXBuildFile; fileRef = 7C607E8B89964E058132DA08 /* MeetingListViewModel.swift */; };
		639886A0B7541BBD7F239CC1 /* KnapsackMobileApp.swift in Sources */ = {isa = PBXBuildFile; fileRef = 35068AE945AF546A9F3CA206 /* KnapsackMobileApp.swift */; };
		648E87E8E6DA6664EF6C76A0 /* WatchSyncManager.swift in Sources */ = {isa = PBXBuildFile; fileRef = F3EED218012DD8B71DFEC30E /* WatchSyncManager.swift */; };
		7B03DAB9EA654DE27BF6A82A /* README.md in Resources */ = {isa = PBXBuildFile; fileRef = B4D6BAB3EE18C8AF9FA8F50B /* README.md */; };
		7D01058B52305316B9405883 /* ContentView.swift in Sources */ = {isa = PBXBuildFile; fileRef = C07048E1782FE4606E9C5390 /* ContentView.swift */; };
		876C8B1D9F86FFB010C61DF0 /* Assets.xcassets in Resources */ = {isa = PBXBuildFile; fileRef = 6C019A446949C1CC8155F72B /* Assets.xcassets */; };
		8E628453569C13B0C1AF2E41 /* KnapsackWatchExtensionApp.swift in Sources */ = {isa = PBXBuildFile; fileRef = 838F8F6C6620E88F147D623D /* KnapsackWatchExtensionApp.swift */; };
		AC20F9791F3F58248E5AE239 /* WatchSharedBridge.swift in Sources */ = {isa = PBXBuildFile; fileRef = 08C7091C65A0C75A9C21C93A /* WatchSharedBridge.swift */; };
		C6C67E15745CE0EB8DB5A397 /* WatchContentView.swift in Sources */ = {isa = PBXBuildFile; fileRef = 95A099A3E14F8DE5E2B80972 /* WatchContentView.swift */; };
		CBC9B3D779E1F04FE10707C2 /* WatchSyncCoordinatorTests.swift in Sources */ = {isa = PBXBuildFile; fileRef = 7B51AADDC37DC832D1018F1C /* WatchSyncCoordinatorTests.swift */; };
		D653D445B45B76C040CBAD63 /* InterVariable.ttf in Resources */ = {isa = PBXBuildFile; fileRef = 3BB9402DFC33D2466BA206DE /* InterVariable.ttf */; };
		E84F973C3E3F63420FA9D0E2 /* WatchSyncCoordinator.swift in Sources */ = {isa = PBXBuildFile; fileRef = 0750B66DAE50350BBAE42E48 /* WatchSyncCoordinator.swift */; };
		E94D7617F28705F371438355 /* Assets.xcassets in Resources */ = {isa = PBXBuildFile; fileRef = 31FB647E05F6B01F3C18018B /* Assets.xcassets */; };
		EC9B65FF776972129EFA00E2 /* KnapsackWatchApp.app in Embed Watch Content */ = {isa = PBXBuildFile; fileRef = D71AAAACBD0BFEEE3FFAC644 /* KnapsackWatchApp.app */; settings = {ATTRIBUTES = (RemoveHeadersOnCopy, ); }; };
		F0852DA7C22532F094806073 /* KnapsackWatchExtension.appex in Embed Foundation Extensions */ = {isa = PBXBuildFile; fileRef = 45D3100DF31ABA5433DB95E4 /* KnapsackWatchExtension.appex */; settings = {ATTRIBUTES = (RemoveHeadersOnCopy, ); }; };
/* End PBXBuildFile section */

/* Begin PBXContainerItemProxy section */
		0E103E211843DA86EF4F36BB /* PBXContainerItemProxy */ = {
			isa = PBXContainerItemProxy;
			containerPortal = E67A075CF6336BE33F7BFD8C /* Project object */;
			proxyType = 1;
			remoteGlobalIDString = C34F2A181F7DE1000EF1C152;
			remoteInfo = KnapsackWatchExtension;
		};
		68237A77A57A6DDF7BF82798 /* PBXContainerItemProxy */ = {
			isa = PBXContainerItemProxy;
			containerPortal = E67A075CF6336BE33F7BFD8C /* Project object */;
			proxyType = 1;
			remoteGlobalIDString = 9B4F87014FABADA2D53E09B9;
			remoteInfo = KnapsackMobileApp;
		};
		CD6D9646B40EE57C75CBFB5D /* PBXContainerItemProxy */ = {
			isa = PBXContainerItemProxy;
			containerPortal = E67A075CF6336BE33F7BFD8C /* Project object */;
			proxyType = 1;
			remoteGlobalIDString = 613030CA5D6B5FCC5C160939;
			remoteInfo = KnapsackWatchApp;
		};
/* End PBXContainerItemProxy section */

/* Begin PBXCopyFilesBuildPhase section */
		A4EE8EDA14085D5CD668256A /* Embed Foundation Extensions */ = {
			isa = PBXCopyFilesBuildPhase;
			buildActionMask = 2147483647;
			dstPath = "";
			dstSubfolderSpec = 13;
			files = (
				F0852DA7C22532F094806073 /* KnapsackWatchExtension.appex in Embed Foundation Extensions */,
			);
			name = "Embed Foundation Extensions";
			runOnlyForDeploymentPostprocessing = 0;
		};
		BF344B886163AB91891BCBD3 /* Embed Watch Content */ = {
			isa = PBXCopyFilesBuildPhase;
			buildActionMask = 2147483647;
			dstPath = "$(CONTENTS_FOLDER_PATH)/Watch";
			dstSubfolderSpec = 16;
			files = (
				EC9B65FF776972129EFA00E2 /* KnapsackWatchApp.app in Embed Watch Content */,
			);
			name = "Embed Watch Content";
			runOnlyForDeploymentPostprocessing = 0;
		};
/* End PBXCopyFilesBuildPhase section */

/* Begin PBXFileReference section */
		0750B66DAE50350BBAE42E48 /* WatchSyncCoordinator.swift */ = {isa = PBXFileReference; lastKnownFileType = sourcecode.swift; path = WatchSyncCoordinator.swift; sourceTree = "<group>"; };
		08C7091C65A0C75A9C21C93A /* WatchSharedBridge.swift */ = {isa = PBXFileReference; lastKnownFileType = sourcecode.swift; path = WatchSharedBridge.swift; sourceTree = "<group>"; };
		1413CCEDA7BAD5C6208F4701 /* Spectral-Medium.ttf */ = {isa = PBXFileReference; lastKnownFileType = file; path = "Spectral-Medium.ttf"; sourceTree = "<group>"; };
		14BB451B15862813C199803A /* KnapsackMobileTests.xctest */ = {isa = PBXFileReference; includeInIndex = 0; lastKnownFileType = wrapper.cfbundle; path = KnapsackMobileTests.xctest; sourceTree = BUILT_PRODUCTS_DIR; };
		25687114CB733251E531D520 /* Info.plist */ = {isa = PBXFileReference; lastKnownFileType = text.plist; path = Info.plist; sourceTree = "<group>"; };
		25F6241806540E2F996754E9 /* KnapsackMobileApp.app */ = {isa = PBXFileReference; includeInIndex = 0; lastKnownFileType = wrapper.application; path = KnapsackMobileApp.app; sourceTree = BUILT_PRODUCTS_DIR; };
		29888A3631776C6B7AAF1C34 /* Info.plist */ = {isa = PBXFileReference; lastKnownFileType = text.plist; path = Info.plist; sourceTree = "<group>"; };
		31FB647E05F6B01F3C18018B /* Assets.xcassets */ = {isa = PBXFileReference; lastKnownFileType = folder.assetcatalog; path = Assets.xcassets; sourceTree = "<group>"; };
		35068AE945AF546A9F3CA206 /* KnapsackMobileApp.swift */ = {isa = PBXFileReference; lastKnownFileType = sourcecode.swift; path = KnapsackMobileApp.swift; sourceTree = "<group>"; };
		3BB9402DFC33D2466BA206DE /* InterVariable.ttf */ = {isa = PBXFileReference; lastKnownFileType = file; path = InterVariable.ttf; sourceTree = "<group>"; };
		43B1601F3C51CC99623A3732 /* WatchRecorder.swift */ = {isa = PBXFileReference; lastKnownFileType = sourcecode.swift; path = WatchRecorder.swift; sourceTree = "<group>"; };
		45D3100DF31ABA5433DB95E4 /* KnapsackWatchExtension.appex */ = {isa = PBXFileReference; explicitFileType = "wrapper.app-extension"; includeInIndex = 0; path = KnapsackWatchExtension.appex; sourceTree = BUILT_PRODUCTS_DIR; };
		51EC8F25323375C0AC57BA34 /* MobileModels.swift */ = {isa = PBXFileReference; lastKnownFileType = sourcecode.swift; path = MobileModels.swift; sourceTree = "<group>"; };
		549831A986A25DE25F605378 /* Spectral-Italic.ttf */ = {isa = PBXFileReference; lastKnownFileType = file; path = "Spectral-Italic.ttf"; sourceTree = "<group>"; };
		54D3D7C9EFCDC82AE547C431 /* KnapsackMobileApp.entitlements */ = {isa = PBXFileReference; lastKnownFileType = text.plist.entitlements; path = KnapsackMobileApp.entitlements; sourceTree = "<group>"; };
		5D2AA425947D46186029509F /* KnapsackBrand.swift */ = {isa = PBXFileReference; lastKnownFileType = sourcecode.swift; path = KnapsackBrand.swift; sourceTree = "<group>"; };
		6C019A446949C1CC8155F72B /* Assets.xcassets */ = {isa = PBXFileReference; lastKnownFileType = folder.assetcatalog; path = Assets.xcassets; sourceTree = "<group>"; };
		7B51AADDC37DC832D1018F1C /* WatchSyncCoordinatorTests.swift */ = {isa = PBXFileReference; lastKnownFileType = sourcecode.swift; path = WatchSyncCoordinatorTests.swift; sourceTree = "<group>"; };
		7C607E8B89964E058132DA08 /* MeetingListViewModel.swift */ = {isa = PBXFileReference; lastKnownFileType = sourcecode.swift; path = MeetingListViewModel.swift; sourceTree = "<group>"; };
		838F8F6C6620E88F147D623D /* KnapsackWatchExtensionApp.swift */ = {isa = PBXFileReference; lastKnownFileType = sourcecode.swift; path = KnapsackWatchExtensionApp.swift; sourceTree = "<group>"; };
		95A099A3E14F8DE5E2B80972 /* WatchContentView.swift */ = {isa = PBXFileReference; lastKnownFileType = sourcecode.swift; path = WatchContentView.swift; sourceTree = "<group>"; };
		967F83E4B4417EB278F01561 /* KnapsackWatchExtension.entitlements */ = {isa = PBXFileReference; lastKnownFileType = text.plist.entitlements; path = KnapsackWatchExtension.entitlements; sourceTree = "<group>"; };
		A824AD5CC350B4EBEE860B16 /* PhoneRecorder.swift */ = {isa = PBXFileReference; lastKnownFileType = sourcecode.swift; path = PhoneRecorder.swift; sourceTree = "<group>"; };
		B4D6BAB3EE18C8AF9FA8F50B /* README.md */ = {isa = PBXFileReference; lastKnownFileType = net.daringfireball.markdown; path = README.md; sourceTree = "<group>"; };
		C07048E1782FE4606E9C5390 /* ContentView.swift */ = {isa = PBXFileReference; lastKnownFileType = sourcecode.swift; path = ContentView.swift; sourceTree = "<group>"; };
		D71AAAACBD0BFEEE3FFAC644 /* KnapsackWatchApp.app */ = {isa = PBXFileReference; explicitFileType = wrapper.application; includeInIndex = 0; path = KnapsackWatchApp.app; sourceTree = BUILT_PRODUCTS_DIR; };
		DEC87DC848E8C1FA3CA6EF25 /* MobileAPI.swift */ = {isa = PBXFileReference; lastKnownFileType = sourcecode.swift; path = MobileAPI.swift; sourceTree = "<group>"; };
		F3EED218012DD8B71DFEC30E /* WatchSyncManager.swift */ = {isa = PBXFileReference; lastKnownFileType = sourcecode.swift; path = WatchSyncManager.swift; sourceTree = "<group>"; };
		F4AE4DE3F6B2E95FE20B6DF8 /* Info.plist */ = {isa = PBXFileReference; lastKnownFileType = text.plist; path = Info.plist; sourceTree = "<group>"; };
/* End PBXFileReference section */

/* Begin PBXGroup section */
		085EC2A7A5848AF47C7394F4 = {
			isa = PBXGroup;
			children = (
				22517885C03689EA2FF374A2 /* Branding */,
				CC357B62B567B5E4E2453940 /* KnapsackMobileApp */,
				CCE88060CA4C2A1F29866EF1 /* KnapsackMobileTests */,
				6B2C402A12482872F3F40F4B /* KnapsackWatchApp */,
				EB4708E1620D745821611AB0 /* KnapsackWatchExtension */,
				4B2EE221A67761BAC4CB443F /* Shared */,
				40A8F1528E3339D8F1C6A748 /* Products */,
			);
			sourceTree = "<group>";
		};
		22517885C03689EA2FF374A2 /* Branding */ = {
			isa = PBXGroup;
			children = (
				DEB2BC058374A5D3CEA3058D /* Fonts */,
			);
			path = Branding;
			sourceTree = "<group>";
		};
		40A8F1528E3339D8F1C6A748 /* Products */ = {
			isa = PBXGroup;
			children = (
				25F6241806540E2F996754E9 /* KnapsackMobileApp.app */,
				14BB451B15862813C199803A /* KnapsackMobileTests.xctest */,
				D71AAAACBD0BFEEE3FFAC644 /* KnapsackWatchApp.app */,
				45D3100DF31ABA5433DB95E4 /* KnapsackWatchExtension.appex */,
			);
			name = Products;
			sourceTree = "<group>";
		};
		4B2EE221A67761BAC4CB443F /* Shared */ = {
			isa = PBXGroup;
			children = (
				5D2AA425947D46186029509F /* KnapsackBrand.swift */,
				DEC87DC848E8C1FA3CA6EF25 /* MobileAPI.swift */,
				51EC8F25323375C0AC57BA34 /* MobileModels.swift */,
				08C7091C65A0C75A9C21C93A /* WatchSharedBridge.swift */,
			);
			path = Shared;
			sourceTree = "<group>";
		};
		6B2C402A12482872F3F40F4B /* KnapsackWatchApp */ = {
			isa = PBXGroup;
			children = (
				6C019A446949C1CC8155F72B /* Assets.xcassets */,
				25687114CB733251E531D520 /* Info.plist */,
				B4D6BAB3EE18C8AF9FA8F50B /* README.md */,
			);
			path = KnapsackWatchApp;
			sourceTree = "<group>";
		};
		CC357B62B567B5E4E2453940 /* KnapsackMobileApp */ = {
			isa = PBXGroup;
			children = (
				31FB647E05F6B01F3C18018B /* Assets.xcassets */,
				C07048E1782FE4606E9C5390 /* ContentView.swift */,
				F4AE4DE3F6B2E95FE20B6DF8 /* Info.plist */,
				54D3D7C9EFCDC82AE547C431 /* KnapsackMobileApp.entitlements */,
				35068AE945AF546A9F3CA206 /* KnapsackMobileApp.swift */,
				7C607E8B89964E058132DA08 /* MeetingListViewModel.swift */,
				A824AD5CC350B4EBEE860B16 /* PhoneRecorder.swift */,
				0750B66DAE50350BBAE42E48 /* WatchSyncCoordinator.swift */,
			);
			path = KnapsackMobileApp;
			sourceTree = "<group>";
		};
		CCE88060CA4C2A1F29866EF1 /* KnapsackMobileTests */ = {
			isa = PBXGroup;
			children = (
				7B51AADDC37DC832D1018F1C /* WatchSyncCoordinatorTests.swift */,
			);
			path = KnapsackMobileTests;
			sourceTree = "<group>";
		};
		DEB2BC058374A5D3CEA3058D /* Fonts */ = {
			isa = PBXGroup;
			children = (
				3BB9402DFC33D2466BA206DE /* InterVariable.ttf */,
				549831A986A25DE25F605378 /* Spectral-Italic.ttf */,
				1413CCEDA7BAD5C6208F4701 /* Spectral-Medium.ttf */,
			);
			path = Fonts;
			sourceTree = "<group>";
		};
		EB4708E1620D745821611AB0 /* KnapsackWatchExtension */ = {
			isa = PBXGroup;
			children = (
				29888A3631776C6B7AAF1C34 /* Info.plist */,
				967F83E4B4417EB278F01561 /* KnapsackWatchExtension.entitlements */,
				838F8F6C6620E88F147D623D /* KnapsackWatchExtensionApp.swift */,
				95A099A3E14F8DE5E2B80972 /* WatchContentView.swift */,
				43B1601F3C51CC99623A3732 /* WatchRecorder.swift */,
				F3EED218012DD8B71DFEC30E /* WatchSyncManager.swift */,
			);
			path = KnapsackWatchExtension;
			sourceTree = "<group>";
		};
/* End PBXGroup section */

/* Begin PBXNativeTarget section */
		5CB050E375E295D525BA85D7 /* KnapsackMobileTests */ = {
			isa = PBXNativeTarget;
			buildConfigurationList = C5E00342EC219E3CB902B519 /* Build configuration list for PBXNativeTarget "KnapsackMobileTests" */;
			buildPhases = (
				19A170DCD2C4F0E5CD1DD9E8 /* Sources */,
			);
			buildRules = (
			);
			dependencies = (
				3AD584A0476F944D13F083CE /* PBXTargetDependency */,
			);
			name = KnapsackMobileTests;
			packageProductDependencies = (
			);
			productName = KnapsackMobileTests;
			productReference = 14BB451B15862813C199803A /* KnapsackMobileTests.xctest */;
			productType = "com.apple.product-type.bundle.unit-test";
		};
		613030CA5D6B5FCC5C160939 /* KnapsackWatchApp */ = {
			isa = PBXNativeTarget;
			buildConfigurationList = BADC82A59BCAE5F0228E669D /* Build configuration list for PBXNativeTarget "KnapsackWatchApp" */;
			buildPhases = (
				24A026B20E8184949AA69432 /* Resources */,
				A4EE8EDA14085D5CD668256A /* Embed Foundation Extensions */,
			);
			buildRules = (
			);
			dependencies = (
				AA9700773D8AEBF5C1BC2605 /* PBXTargetDependency */,
			);
			name = KnapsackWatchApp;
			packageProductDependencies = (
			);
			productName = KnapsackWatchApp;
			productReference = D71AAAACBD0BFEEE3FFAC644 /* KnapsackWatchApp.app */;
			productType = "com.apple.product-type.application.watchapp2";
		};
		9B4F87014FABADA2D53E09B9 /* KnapsackMobileApp */ = {
			isa = PBXNativeTarget;
			buildConfigurationList = A4D162BF95A835A1AD116A16 /* Build configuration list for PBXNativeTarget "KnapsackMobileApp" */;
			buildPhases = (
				38B692A8429BAF9883AEFD3D /* Sources */,
				347E281A444EA2E2CD244DFE /* Resources */,
				BF344B886163AB91891BCBD3 /* Embed Watch Content */,
			);
			buildRules = (
			);
			dependencies = (
				68377806DD4DC6613AB72DB6 /* PBXTargetDependency */,
			);
			name = KnapsackMobileApp;
			packageProductDependencies = (
			);
			productName = KnapsackMobileApp;
			productReference = 25F6241806540E2F996754E9 /* KnapsackMobileApp.app */;
			productType = "com.apple.product-type.application";
		};
		C34F2A181F7DE1000EF1C152 /* KnapsackWatchExtension */ = {
			isa = PBXNativeTarget;
			buildConfigurationList = 18442013149E4717C2205C2F /* Build configuration list for PBXNativeTarget "KnapsackWatchExtension" */;
			buildPhases = (
				87AD0440BB3C883DB90F9853 /* Sources */,
				5406A0C81EB2CB490CB4D16E /* Resources */,
			);
			buildRules = (
			);
			dependencies = (
			);
			name = KnapsackWatchExtension;
			packageProductDependencies = (
			);
			productName = KnapsackWatchExtension;
			productReference = 45D3100DF31ABA5433DB95E4 /* KnapsackWatchExtension.appex */;
			productType = "com.apple.product-type.watchkit2-extension";
		};
/* End PBXNativeTarget section */

/* Begin PBXProject section */
		E67A075CF6336BE33F7BFD8C /* Project object */ = {
			isa = PBXProject;
			attributes = {
				BuildIndependentTargetsInParallel = YES;
				LastUpgradeCheck = 1430;
				TargetAttributes = {
					613030CA5D6B5FCC5C160939 = {
						ProvisioningStyle = Automatic;
					};
					9B4F87014FABADA2D53E09B9 = {
						ProvisioningStyle = Automatic;
					};
					C34F2A181F7DE1000EF1C152 = {
						ProvisioningStyle = Automatic;
					};
				};
			};
			buildConfigurationList = DC7C92A0FB68DFC64B30B709 /* Build configuration list for PBXProject "KnapsackMobile" */;
			developmentRegion = en;
			hasScannedForEncodings = 0;
			knownRegions = (
				Base,
				en,
			);
			mainGroup = 085EC2A7A5848AF47C7394F4;
			minimizedProjectReferenceProxies = 1;
			preferredProjectObjectVersion = 77;
			productRefGroup = 40A8F1528E3339D8F1C6A748 /* Products */;
			projectDirPath = "";
			projectRoot = "";
			targets = (
				9B4F87014FABADA2D53E09B9 /* KnapsackMobileApp */,
				5CB050E375E295D525BA85D7 /* KnapsackMobileTests */,
				613030CA5D6B5FCC5C160939 /* KnapsackWatchApp */,
				C34F2A181F7DE1000EF1C152 /* KnapsackWatchExtension */,
			);
		};
/* End PBXProject section */

/* Begin PBXResourcesBuildPhase section */
		24A026B20E8184949AA69432 /* Resources */ = {
			isa = PBXResourcesBuildPhase;
			buildActionMask = 2147483647;
			files = (
				876C8B1D9F86FFB010C61DF0 /* Assets.xcassets in Resources */,
				7B03DAB9EA654DE27BF6A82A /* README.md in Resources */,
			);
			runOnlyForDeploymentPostprocessing = 0;
		};
		347E281A444EA2E2CD244DFE /* Resources */ = {
			isa = PBXResourcesBuildPhase;
			buildActionMask = 2147483647;
			files = (
				E94D7617F28705F371438355 /* Assets.xcassets in Resources */,
				D653D445B45B76C040CBAD63 /* InterVariable.ttf in Resources */,
				53F673517263F332DEEB090D /* Spectral-Italic.ttf in Resources */,
				2C1F581A536D063C7B2B345D /* Spectral-Medium.ttf in Resources */,
			);
			runOnlyForDeploymentPostprocessing = 0;
		};
		5406A0C81EB2CB490CB4D16E /* Resources */ = {
			isa = PBXResourcesBuildPhase;
			buildActionMask = 2147483647;
			files = (
				2F34FE7F43080ABAA5BD1E11 /* InterVariable.ttf in Resources */,
				06A564A5E0DCAA86DFCF25E1 /* Spectral-Italic.ttf in Resources */,
				28AD9ACA657B6A56AEC6EDFE /* Spectral-Medium.ttf in Resources */,
			);
			runOnlyForDeploymentPostprocessing = 0;
		};
/* End PBXResourcesBuildPhase section */

/* Begin PBXSourcesBuildPhase section */
		19A170DCD2C4F0E5CD1DD9E8 /* Sources */ = {
			isa = PBXSourcesBuildPhase;
			buildActionMask = 2147483647;
			files = (
				CBC9B3D779E1F04FE10707C2 /* WatchSyncCoordinatorTests.swift in Sources */,
			);
			runOnlyForDeploymentPostprocessing = 0;
		};
		38B692A8429BAF9883AEFD3D /* Sources */ = {
			isa = PBXSourcesBuildPhase;
			buildActionMask = 2147483647;
			files = (
				7D01058B52305316B9405883 /* ContentView.swift in Sources */,
				5515DB66178FC8C8135FFC50 /* KnapsackBrand.swift in Sources */,
				639886A0B7541BBD7F239CC1 /* KnapsackMobileApp.swift in Sources */,
				5ED94C8BF00761180C8D39AF /* MeetingListViewModel.swift in Sources */,
				5D30651F31AB031403A5CB4A /* MobileAPI.swift in Sources */,
				024D1195C461AC2EB50C15BE /* MobileModels.swift in Sources */,
				2AA547D68193858513EAEB9F /* PhoneRecorder.swift in Sources */,
				AC20F9791F3F58248E5AE239 /* WatchSharedBridge.swift in Sources */,
				E84F973C3E3F63420FA9D0E2 /* WatchSyncCoordinator.swift in Sources */,
			);
			runOnlyForDeploymentPostprocessing = 0;
		};
		87AD0440BB3C883DB90F9853 /* Sources */ = {
			isa = PBXSourcesBuildPhase;
			buildActionMask = 2147483647;
			files = (
				46EE25A4FBEAEE6777CCE025 /* KnapsackBrand.swift in Sources */,
				8E628453569C13B0C1AF2E41 /* KnapsackWatchExtensionApp.swift in Sources */,
				C6C67E15745CE0EB8DB5A397 /* WatchContentView.swift in Sources */,
				3DDD92F522DE1F60E2A6F0F8 /* WatchRecorder.swift in Sources */,
				2E17B7E22D17181A964B8F8D /* WatchSharedBridge.swift in Sources */,
				648E87E8E6DA6664EF6C76A0 /* WatchSyncManager.swift in Sources */,
			);
			runOnlyForDeploymentPostprocessing = 0;
		};
/* End PBXSourcesBuildPhase section */

/* Begin PBXTargetDependency section */
		3AD584A0476F944D13F083CE /* PBXTargetDependency */ = {
			isa = PBXTargetDependency;
			target = 9B4F87014FABADA2D53E09B9 /* KnapsackMobileApp */;
			targetProxy = 68237A77A57A6DDF7BF82798 /* PBXContainerItemProxy */;
		};
		68377806DD4DC6613AB72DB6 /* PBXTargetDependency */ = {
			isa = PBXTargetDependency;
			target = 613030CA5D6B5FCC5C160939 /* KnapsackWatchApp */;
			targetProxy = CD6D9646B40EE57C75CBFB5D /* PBXContainerItemProxy */;
		};
		AA9700773D8AEBF5C1BC2605 /* PBXTargetDependency */ = {
			isa = PBXTargetDependency;
			target = C34F2A181F7DE1000EF1C152 /* KnapsackWatchExtension */;
			targetProxy = 0E103E211843DA86EF4F36BB /* PBXContainerItemProxy */;
		};
/* End PBXTargetDependency section */

/* Begin XCBuildConfiguration section */
		0D8D6459C5F72781DE8B0E6D /* Debug */ = {
			isa = XCBuildConfiguration;
			buildSettings = {
				ASSETCATALOG_COMPILER_APPICON_NAME = AppIcon;
				ASSETCATALOG_COMPILER_GLOBAL_ACCENT_COLOR_NAME = AccentColor;
				CODE_SIGN_ENTITLEMENTS = KnapsackMobileApp/KnapsackMobileApp.entitlements;
				CODE_SIGN_IDENTITY = "iPhone Developer";
				CODE_SIGN_STYLE = Automatic;
				DEVELOPMENT_TEAM = D4RJNXVA38;
				INFOPLIST_KEY_CFBundleDisplayName = Knapsack;
				INFOPLIST_FILE = KnapsackMobileApp/Info.plist;
				INFOPLIST_KEY_UISupportedInterfaceOrientations_iPad = "UIInterfaceOrientationPortrait UIInterfaceOrientationPortraitUpsideDown UIInterfaceOrientationLandscapeLeft UIInterfaceOrientationLandscapeRight";
				INFOPLIST_KEY_UISupportedInterfaceOrientations_iPhone = "UIInterfaceOrientationPortrait UIInterfaceOrientationLandscapeLeft UIInterfaceOrientationLandscapeRight";
				LD_RUNPATH_SEARCH_PATHS = (
					"$(inherited)",
					"@executable_path/Frameworks",
				);
				PRODUCT_BUNDLE_IDENTIFIER = ai.knapsack.mobile;
				SDKROOT = iphoneos;
				TARGETED_DEVICE_FAMILY = "1,2";
			};
			name = Debug;
		};
		2F743A7319ECE4B995C30AB3 /* Debug */ = {
			isa = XCBuildConfiguration;
			buildSettings = {
				ASSETCATALOG_COMPILER_COMPLICATION_NAME = Complication;
				CODE_SIGN_ENTITLEMENTS = KnapsackWatchExtension/KnapsackWatchExtension.entitlements;
				CODE_SIGN_STYLE = Automatic;
				DEVELOPMENT_TEAM = D4RJNXVA38;
				INFOPLIST_KEY_CFBundleDisplayName = Knapsack;
				INFOPLIST_FILE = KnapsackWatchExtension/Info.plist;
				LD_RUNPATH_SEARCH_PATHS = (
					"$(inherited)",
					"@executable_path/Frameworks",
					"@executable_path/../../Frameworks",
				);
				PRODUCT_BUNDLE_IDENTIFIER = ai.knapsack.mobile.watchkitapp.extension;
				SDKROOT = watchos;
				SKIP_INSTALL = YES;
				TARGETED_DEVICE_FAMILY = 4;
			};
			name = Debug;
		};
		33F60EF201B3F589DC356B1A /* Release */ = {
			isa = XCBuildConfiguration;
			buildSettings = {
				BUNDLE_LOADER = "$(TEST_HOST)";
				GENERATE_INFOPLIST_FILE = YES;
				LD_RUNPATH_SEARCH_PATHS = (
					"$(inherited)",
					"@executable_path/Frameworks",
					"@loader_path/Frameworks",
				);
				PRODUCT_BUNDLE_IDENTIFIER = ai.knapsack.mobile.tests;
				SDKROOT = iphoneos;
				TARGETED_DEVICE_FAMILY = "1,2";
				TEST_HOST = "$(BUILT_PRODUCTS_DIR)/KnapsackMobileApp.app/KnapsackMobileApp";
			};
			name = Release;
		};
		41782474108EFA184314F10D /* Release */ = {
			isa = XCBuildConfiguration;
			buildSettings = {
				ALWAYS_SEARCH_USER_PATHS = NO;
				CLANG_ANALYZER_NONNULL = YES;
				CLANG_ANALYZER_NUMBER_OBJECT_CONVERSION = YES_AGGRESSIVE;
				CLANG_CXX_LANGUAGE_STANDARD = "gnu++14";
				CLANG_CXX_LIBRARY = "libc++";
				CLANG_ENABLE_MODULES = YES;
				CLANG_ENABLE_OBJC_ARC = YES;
				CLANG_ENABLE_OBJC_WEAK = YES;
				CLANG_WARN_BLOCK_CAPTURE_AUTORELEASING = YES;
				CLANG_WARN_BOOL_CONVERSION = YES;
				CLANG_WARN_COMMA = YES;
				CLANG_WARN_CONSTANT_CONVERSION = YES;
				CLANG_WARN_DEPRECATED_OBJC_IMPLEMENTATIONS = YES;
				CLANG_WARN_DIRECT_OBJC_ISA_USAGE = YES_ERROR;
				CLANG_WARN_DOCUMENTATION_COMMENTS = YES;
				CLANG_WARN_EMPTY_BODY = YES;
				CLANG_WARN_ENUM_CONVERSION = YES;
				CLANG_WARN_INFINITE_RECURSION = YES;
				CLANG_WARN_INT_CONVERSION = YES;
				CLANG_WARN_NON_LITERAL_NULL_CONVERSION = YES;
				CLANG_WARN_OBJC_IMPLICIT_RETAIN_SELF = YES;
				CLANG_WARN_OBJC_LITERAL_CONVERSION = YES;
				CLANG_WARN_OBJC_ROOT_CLASS = YES_ERROR;
				CLANG_WARN_QUOTED_INCLUDE_IN_FRAMEWORK_HEADER = YES;
				CLANG_WARN_RANGE_LOOP_ANALYSIS = YES;
				CLANG_WARN_STRICT_PROTOTYPES = YES;
				CLANG_WARN_SUSPICIOUS_MOVE = YES;
				CLANG_WARN_UNGUARDED_AVAILABILITY = YES_AGGRESSIVE;
				CLANG_WARN_UNREACHABLE_CODE = YES;
				CLANG_WARN__DUPLICATE_METHOD_MATCH = YES;
				COPY_PHASE_STRIP = NO;
				CURRENT_PROJECT_VERSION = 2026071701;
				DEBUG_INFORMATION_FORMAT = "dwarf-with-dsym";
				ENABLE_NS_ASSERTIONS = NO;
				ENABLE_STRICT_OBJC_MSGSEND = YES;
				GCC_C_LANGUAGE_STANDARD = gnu11;
				GCC_NO_COMMON_BLOCKS = YES;
				GCC_WARN_64_TO_32_BIT_CONVERSION = YES;
				GCC_WARN_ABOUT_RETURN_TYPE = YES_ERROR;
				GCC_WARN_UNDECLARED_SELECTOR = YES;
				GCC_WARN_UNINITIALIZED_AUTOS = YES_AGGRESSIVE;
				GCC_WARN_UNUSED_FUNCTION = YES;
				GCC_WARN_UNUSED_VARIABLE = YES;
				IPHONEOS_DEPLOYMENT_TARGET = 17.0;
				MARKETING_VERSION = 0.1.1;
				MTL_ENABLE_DEBUG_INFO = NO;
				MTL_FAST_MATH = YES;
				PRODUCT_NAME = "$(TARGET_NAME)";
				SWIFT_COMPILATION_MODE = wholemodule;
				SWIFT_OPTIMIZATION_LEVEL = "-O";
				SWIFT_VERSION = 5.0;
				WATCHOS_DEPLOYMENT_TARGET = 10.0;
			};
			name = Release;
		};
		4442EC96AE695D4D72911C89 /* Debug */ = {
			isa = XCBuildConfiguration;
			buildSettings = {
				ASSETCATALOG_COMPILER_APPICON_NAME = AppIcon;
				CODE_SIGN_STYLE = Automatic;
				DEVELOPMENT_TEAM = D4RJNXVA38;
				INFOPLIST_KEY_CFBundleDisplayName = Knapsack;
				INFOPLIST_KEY_CFBundleIconFiles = AppIcon;
				INFOPLIST_FILE = KnapsackWatchApp/Info.plist;
				PRODUCT_BUNDLE_IDENTIFIER = ai.knapsack.mobile.watchkitapp;
				SDKROOT = watchos;
				SKIP_INSTALL = YES;
				TARGETED_DEVICE_FAMILY = 4;
			};
			name = Debug;
		};
		93F77B2CB8C1A1DC2B57B6C9 /* Release */ = {
			isa = XCBuildConfiguration;
			buildSettings = {
				ASSETCATALOG_COMPILER_APPICON_NAME = AppIcon;
				CODE_SIGN_STYLE = Automatic;
				DEVELOPMENT_TEAM = D4RJNXVA38;
				INFOPLIST_KEY_CFBundleDisplayName = Knapsack;
				INFOPLIST_KEY_CFBundleIconFiles = AppIcon;
				INFOPLIST_FILE = KnapsackWatchApp/Info.plist;
				PRODUCT_BUNDLE_IDENTIFIER = ai.knapsack.mobile.watchkitapp;
				SDKROOT = watchos;
				SKIP_INSTALL = YES;
				TARGETED_DEVICE_FAMILY = 4;
			};
			name = Release;
		};
		A9CD43506AB8E1EE57B50613 /* Debug */ = {
			isa = XCBuildConfiguration;
			buildSettings = {
				ALWAYS_SEARCH_USER_PATHS = NO;
				CLANG_ANALYZER_NONNULL = YES;
				CLANG_ANALYZER_NUMBER_OBJECT_CONVERSION = YES_AGGRESSIVE;
				CLANG_CXX_LANGUAGE_STANDARD = "gnu++14";
				CLANG_CXX_LIBRARY = "libc++";
				CLANG_ENABLE_MODULES = YES;
				CLANG_ENABLE_OBJC_ARC = YES;
				CLANG_ENABLE_OBJC_WEAK = YES;
				CLANG_WARN_BLOCK_CAPTURE_AUTORELEASING = YES;
				CLANG_WARN_BOOL_CONVERSION = YES;
				CLANG_WARN_COMMA = YES;
				CLANG_WARN_CONSTANT_CONVERSION = YES;
				CLANG_WARN_DEPRECATED_OBJC_IMPLEMENTATIONS = YES;
				CLANG_WARN_DIRECT_OBJC_ISA_USAGE = YES_ERROR;
				CLANG_WARN_DOCUMENTATION_COMMENTS = YES;
				CLANG_WARN_EMPTY_BODY = YES;
				CLANG_WARN_ENUM_CONVERSION = YES;
				CLANG_WARN_INFINITE_RECURSION = YES;
				CLANG_WARN_INT_CONVERSION = YES;
				CLANG_WARN_NON_LITERAL_NULL_CONVERSION = YES;
				CLANG_WARN_OBJC_IMPLICIT_RETAIN_SELF = YES;
				CLANG_WARN_OBJC_LITERAL_CONVERSION = YES;
				CLANG_WARN_OBJC_ROOT_CLASS = YES_ERROR;
				CLANG_WARN_QUOTED_INCLUDE_IN_FRAMEWORK_HEADER = YES;
				CLANG_WARN_RANGE_LOOP_ANALYSIS = YES;
				CLANG_WARN_STRICT_PROTOTYPES = YES;
				CLANG_WARN_SUSPICIOUS_MOVE = YES;
				CLANG_WARN_UNGUARDED_AVAILABILITY = YES_AGGRESSIVE;
				CLANG_WARN_UNREACHABLE_CODE = YES;
				CLANG_WARN__DUPLICATE_METHOD_MATCH = YES;
				COPY_PHASE_STRIP = NO;
				CURRENT_PROJECT_VERSION = 2026071701;
				DEBUG_INFORMATION_FORMAT = dwarf;
				ENABLE_STRICT_OBJC_MSGSEND = YES;
				ENABLE_TESTABILITY = YES;
				GCC_C_LANGUAGE_STANDARD = gnu11;
				GCC_DYNAMIC_NO_PIC = NO;
				GCC_NO_COMMON_BLOCKS = YES;
				GCC_OPTIMIZATION_LEVEL = 0;
				GCC_PREPROCESSOR_DEFINITIONS = (
					"$(inherited)",
					"DEBUG=1",
				);
				GCC_WARN_64_TO_32_BIT_CONVERSION = YES;
				GCC_WARN_ABOUT_RETURN_TYPE = YES_ERROR;
				GCC_WARN_UNDECLARED_SELECTOR = YES;
				GCC_WARN_UNINITIALIZED_AUTOS = YES_AGGRESSIVE;
				GCC_WARN_UNUSED_FUNCTION = YES;
				GCC_WARN_UNUSED_VARIABLE = YES;
				IPHONEOS_DEPLOYMENT_TARGET = 17.0;
				MARKETING_VERSION = 0.1.1;
				MTL_ENABLE_DEBUG_INFO = INCLUDE_SOURCE;
				MTL_FAST_MATH = YES;
				ONLY_ACTIVE_ARCH = YES;
				PRODUCT_NAME = "$(TARGET_NAME)";
				SWIFT_ACTIVE_COMPILATION_CONDITIONS = DEBUG;
				SWIFT_OPTIMIZATION_LEVEL = "-Onone";
				SWIFT_VERSION = 5.0;
				WATCHOS_DEPLOYMENT_TARGET = 10.0;
			};
			name = Debug;
		};
		B05F96998C083FBE3F1F0E6F /* Release */ = {
			isa = XCBuildConfiguration;
			buildSettings = {
				ASSETCATALOG_COMPILER_APPICON_NAME = AppIcon;
				ASSETCATALOG_COMPILER_GLOBAL_ACCENT_COLOR_NAME = AccentColor;
				CODE_SIGN_ENTITLEMENTS = KnapsackMobileApp/KnapsackMobileApp.entitlements;
				CODE_SIGN_IDENTITY = "iPhone Developer";
				CODE_SIGN_STYLE = Automatic;
				DEVELOPMENT_TEAM = D4RJNXVA38;
				INFOPLIST_KEY_CFBundleDisplayName = Knapsack;
				INFOPLIST_FILE = KnapsackMobileApp/Info.plist;
				INFOPLIST_KEY_UISupportedInterfaceOrientations_iPad = "UIInterfaceOrientationPortrait UIInterfaceOrientationPortraitUpsideDown UIInterfaceOrientationLandscapeLeft UIInterfaceOrientationLandscapeRight";
				INFOPLIST_KEY_UISupportedInterfaceOrientations_iPhone = "UIInterfaceOrientationPortrait UIInterfaceOrientationLandscapeLeft UIInterfaceOrientationLandscapeRight";
				LD_RUNPATH_SEARCH_PATHS = (
					"$(inherited)",
					"@executable_path/Frameworks",
				);
				PRODUCT_BUNDLE_IDENTIFIER = ai.knapsack.mobile;
				SDKROOT = iphoneos;
				TARGETED_DEVICE_FAMILY = "1,2";
			};
			name = Release;
		};
		C7FB8A26A97E6B0BD8D30E93 /* Release */ = {
			isa = XCBuildConfiguration;
			buildSettings = {
				ASSETCATALOG_COMPILER_COMPLICATION_NAME = Complication;
				CODE_SIGN_ENTITLEMENTS = KnapsackWatchExtension/KnapsackWatchExtension.entitlements;
				CODE_SIGN_STYLE = Automatic;
				DEVELOPMENT_TEAM = D4RJNXVA38;
				INFOPLIST_KEY_CFBundleDisplayName = Knapsack;
				INFOPLIST_FILE = KnapsackWatchExtension/Info.plist;
				LD_RUNPATH_SEARCH_PATHS = (
					"$(inherited)",
					"@executable_path/Frameworks",
					"@executable_path/../../Frameworks",
				);
				PRODUCT_BUNDLE_IDENTIFIER = ai.knapsack.mobile.watchkitapp.extension;
				SDKROOT = watchos;
				SKIP_INSTALL = YES;
				TARGETED_DEVICE_FAMILY = 4;
			};
			name = Release;
		};
		D520B7BF77904CF4213DF8FA /* Debug */ = {
			isa = XCBuildConfiguration;
			buildSettings = {
				BUNDLE_LOADER = "$(TEST_HOST)";
				GENERATE_INFOPLIST_FILE = YES;
				LD_RUNPATH_SEARCH_PATHS = (
					"$(inherited)",
					"@executable_path/Frameworks",
					"@loader_path/Frameworks",
				);
				PRODUCT_BUNDLE_IDENTIFIER = ai.knapsack.mobile.tests;
				SDKROOT = iphoneos;
				TARGETED_DEVICE_FAMILY = "1,2";
				TEST_HOST = "$(BUILT_PRODUCTS_DIR)/KnapsackMobileApp.app/KnapsackMobileApp";
			};
			name = Debug;
		};
/* End XCBuildConfiguration section */

/* Begin XCConfigurationList section */
		18442013149E4717C2205C2F /* Build configuration list for PBXNativeTarget "KnapsackWatchExtension" */ = {
			isa = XCConfigurationList;
			buildConfigurations = (
				2F743A7319ECE4B995C30AB3 /* Debug */,
				C7FB8A26A97E6B0BD8D30E93 /* Release */,
			);
			defaultConfigurationIsVisible = 0;
			defaultConfigurationName = Debug;
		};
		A4D162BF95A835A1AD116A16 /* Build configuration list for PBXNativeTarget "KnapsackMobileApp" */ = {
			isa = XCConfigurationList;
			buildConfigurations = (
				0D8D6459C5F72781DE8B0E6D /* Debug */,
				B05F96998C083FBE3F1F0E6F /* Release */,
			);
			defaultConfigurationIsVisible = 0;
			defaultConfigurationName = Debug;
		};
		BADC82A59BCAE5F0228E669D /* Build configuration list for PBXNativeTarget "KnapsackWatchApp" */ = {
			isa = XCConfigurationList;
			buildConfigurations = (
				4442EC96AE695D4D72911C89 /* Debug */,
				93F77B2CB8C1A1DC2B57B6C9 /* Release */,
			);
			defaultConfigurationIsVisible = 0;
			defaultConfigurationName = Debug;
		};
		C5E00342EC219E3CB902B519 /* Build configuration list for PBXNativeTarget "KnapsackMobileTests" */ = {
			isa = XCConfigurationList;
			buildConfigurations = (
				D520B7BF77904CF4213DF8FA /* Debug */,
				33F60EF201B3F589DC356B1A /* Release */,
			);
			defaultConfigurationIsVisible = 0;
			defaultConfigurationName = Debug;
		};
		DC7C92A0FB68DFC64B30B709 /* Build configuration list for PBXProject "KnapsackMobile" */ = {
			isa = XCConfigurationList;
			buildConfigurations = (
				A9CD43506AB8E1EE57B50613 /* Debug */,
				41782474108EFA184314F10D /* Release */,
			);
			defaultConfigurationIsVisible = 0;
			defaultConfigurationName = Debug;
		};
/* End XCConfigurationList section */
	};
	rootObject = E67A075CF6336BE33F7BFD8C /* Project object */;
}
